
Microsoft Visual Studio Solution File, Format Version 12.00
# Visual Studio Version 16
VisualStudioVersion = 16.0.30717.126
MinimumVisualStudioVersion = 10.0.40219.1
Project("{FAE04EC0-301F-11D3-BF4B-00C04F79EFBC}") = "Felli", "Felli.csproj", "{07E28014-41BB-43BE-8D82-D462E959BB75}"
EndProject
Global
	GlobalSection(SolutionConfigurationPlatforms) = preSolution
		Debug|Any CPU = Debug|Any CPU
		Release|Any CPU = Release|Any CPU
	EndGlobalSection
	GlobalSection(ProjectConfigurationPlatforms) = postSolution
		{07E28014-41BB-43BE-8D82-D462E959BB75}.Debug|Any CPU.ActiveCfg = Debug|Any CPU
		{07E28014-41BB-43BE-8D82-D462E959BB75}.Debug|Any CPU.Build.0 = Debug|Any CPU
		{07E28014-41BB-43BE-8D82-D462E959BB75}.Release|Any CPU.ActiveCfg = Release|Any CPU
		{07E28014-41BB-43BE-8D82-D462E959BB75}.Release|Any CPU.Build.0 = Release|Any CPU
	EndGlobalSection
	GlobalSection(SolutionProperties) = preSolution
		HideSolutionNode = FALSE
	EndGlobalSection
	GlobalSection(ExtensibilityGlobals) = postSolution
		SolutionGuid = {D4AEC949-DA00-4AB2-9809-76603DF548C0}
	EndGlobalSection
EndGlobal
